
Microsoft Visual Studio Solution File, Format Version 12.00
# Visual Studio 2013
VisualStudioVersion = 12.0.31101.0
MinimumVisualStudioVersion = 10.0.40219.1
Project("{2150E333-8FDC-42A3-9474-1A3956D46DE8}") = "AniTube", "AniTube", "{97EC1C53-6B9F-471C-BB08-586094D76A65}"
EndProject
Project("{D954291E-2A0B-460D-934E-DC6B0785DB48}") = "AniTube.Shared", "AniTube\AniTube.Shared\AniTube.Shared.shproj", "{C245A26B-AADA-4A32-8A22-FB8CC181C6A5}"
EndProject
Project("{FAE04EC0-301F-11D3-BF4B-00C04F79EFBC}") = "AniTube.Windows", "AniTube\AniTube.Windows\AniTube.Windows.csproj", "{8E7F74D2-E18D-464E-8E51-5B6CDDFECFCF}"
EndProject
Project("{FAE04EC0-301F-11D3-BF4B-00C04F79EFBC}") = "AniTube.WindowsPhone", "AniTube\AniTube.WindowsPhone\AniTube.WindowsPhone.csproj", "{5C682AC1-9987-47A5-8FEF-1BE7410BA08B}"
EndProject
Global
	GlobalSection(SharedMSBuildProjectFiles) = preSolution
		AniTube\AniTube.Shared\AniTube.Shared.projitems*{c245a26b-aada-4a32-8a22-fb8cc181c6a5}*SharedItemsImports = 13
		AniTube\AniTube.Shared\AniTube.Shared.projitems*{5c682ac1-9987-47a5-8fef-1be7410ba08b}*SharedItemsImports = 4
		AniTube\AniTube.Shared\AniTube.Shared.projitems*{8e7f74d2-e18d-464e-8e51-5b6cddfecfcf}*SharedItemsImports = 4
	EndGlobalSection
	GlobalSection(SolutionConfigurationPlatforms) = preSolution
		Debug|Any CPU = Debug|Any CPU
		Debug|ARM = Debug|ARM
		Debug|x64 = Debug|x64
		Debug|x86 = Debug|x86
		Release|Any CPU = Release|Any CPU
		Release|ARM = Release|ARM
		Release|x64 = Release|x64
		Release|x86 = Release|x86
	EndGlobalSection
	GlobalSection(ProjectConfigurationPlatforms) = postSolution
		{8E7F74D2-E18D-464E-8E51-5B6CDDFECFCF}.Debug|Any CPU.ActiveCfg = Debug|x86
		{8E7F74D2-E18D-464E-8E51-5B6CDDFECFCF}.Debug|Any CPU.Build.0 = Debug|x86
		{8E7F74D2-E18D-464E-8E51-5B6CDDFECFCF}.Debug|Any CPU.Deploy.0 = Debug|x86
		{8E7F74D2-E18D-464E-8E51-5B6CDDFECFCF}.Debug|ARM.ActiveCfg = Debug|ARM
		{8E7F74D2-E18D-464E-8E51-5B6CDDFECFCF}.Debug|ARM.Build.0 = Debug|ARM
		{8E7F74D2-E18D-464E-8E51-5B6CDDFECFCF}.Debug|ARM.Deploy.0 = Debug|ARM
		{8E7F74D2-E18D-464E-8E51-5B6CDDFECFCF}.Debug|x64.ActiveCfg = Debug|x64
		{8E7F74D2-E18D-464E-8E51-5B6CDDFECFCF}.Debug|x64.Build.0 = Debug|x64
		{8E7F74D2-E18D-464E-8E51-5B6CDDFECFCF}.Debug|x64.Deploy.0 = Debug|x64
		{8E7F74D2-E18D-464E-8E51-5B6CDDFECFCF}.Debug|x86.ActiveCfg = Debug|x86
		{8E7F74D2-E18D-464E-8E51-5B6CDDFECFCF}.Debug|x86.Build.0 = Debug|x86
		{8E7F74D2-E18D-464E-8E51-5B6CDDFECFCF}.Debug|x86.Deploy.0 = Debug|x86
		{8E7F74D2-E18D-464E-8E51-5B6CDDFECFCF}.Release|Any CPU.ActiveCfg = Release|Any CPU
		{8E7F74D2-E18D-464E-8E51-5B6CDDFECFCF}.Release|Any CPU.Build.0 = Release|Any CPU
		{8E7F74D2-E18D-464E-8E51-5B6CDDFECFCF}.Release|Any CPU.Deploy.0 = Release|Any CPU
		{8E7F74D2-E18D-464E-8E51-5B6CDDFECFCF}.Release|ARM.ActiveCfg = Release|ARM
		{8E7F74D2-E18D-464E-8E51-5B6CDDFECFCF}.Release|ARM.Build.0 = Release|ARM
		{8E7F74D2-E18D-464E-8E51-5B6CDDFECFCF}.Release|ARM.Deploy.0 = Release|ARM
		{8E7F74D2-E18D-464E-8E51-5B6CDDFECFCF}.Release|x64.ActiveCfg = Release|x64
		{8E7F74D2-E18D-464E-8E51-5B6CDDFECFCF}.Release|x64.Build.0 = Release|x64
		{8E7F74D2-E18D-464E-8E51-5B6CDDFECFCF}.Release|x64.Deploy.0 = Release|x64
		{8E7F74D2-E18D-464E-8E51-5B6CDDFECFCF}.Release|x86.ActiveCfg = Release|x86
		{8E7F74D2-E18D-464E-8E51-5B6CDDFECFCF}.Release|x86.Build.0 = Release|x86
		{8E7F74D2-E18D-464E-8E51-5B6CDDFECFCF}.Release|x86.Deploy.0 = Release|x86
		{5C682AC1-9987-47A5-8FEF-1BE7410BA08B}.Debug|Any CPU.ActiveCfg = Debug|x86
		{5C682AC1-9987-47A5-8FEF-1BE7410BA08B}.Debug|Any CPU.Build.0 = Debug|x86
		{5C682AC1-9987-47A5-8FEF-1BE7410BA08B}.Debug|Any CPU.Deploy.0 = Debug|x86
		{5C682AC1-9987-47A5-8FEF-1BE7410BA08B}.Debug|ARM.ActiveCfg = Debug|ARM
		{5C682AC1-9987-47A5-8FEF-1BE7410BA08B}.Debug|ARM.Build.0 = Debug|ARM
		{5C682AC1-9987-47A5-8FEF-1BE7410BA08B}.Debug|ARM.Deploy.0 = Debug|ARM
		{5C682AC1-9987-47A5-8FEF-1BE7410BA08B}.Debug|x64.ActiveCfg = Debug|Any CPU
		{5C682AC1-9987-47A5-8FEF-1BE7410BA08B}.Debug|x86.ActiveCfg = Debug|x86
		{5C682AC1-9987-47A5-8FEF-1BE7410BA08B}.Debug|x86.Build.0 = Debug|x86
		{5C682AC1-9987-47A5-8FEF-1BE7410BA08B}.Debug|x86.Deploy.0 = Debug|x86
		{5C682AC1-9987-47A5-8FEF-1BE7410BA08B}.Release|Any CPU.ActiveCfg = Release|Any CPU
		{5C682AC1-9987-47A5-8FEF-1BE7410BA08B}.Release|Any CPU.Build.0 = Release|Any CPU
		{5C682AC1-9987-47A5-8FEF-1BE7410BA08B}.Release|Any CPU.Deploy.0 = Release|Any CPU
		{5C682AC1-9987-47A5-8FEF-1BE7410BA08B}.Release|ARM.ActiveCfg = Release|ARM
		{5C682AC1-9987-47A5-8FEF-1BE7410BA08B}.Release|ARM.Build.0 = Release|ARM
		{5C682AC1-9987-47A5-8FEF-1BE7410BA08B}.Release|ARM.Deploy.0 = Release|ARM
		{5C682AC1-9987-47A5-8FEF-1BE7410BA08B}.Release|x64.ActiveCfg = Release|Any CPU
		{5C682AC1-9987-47A5-8FEF-1BE7410BA08B}.Release|x86.ActiveCfg = Release|x86
		{5C682AC1-9987-47A5-8FEF-1BE7410BA08B}.Release|x86.Build.0 = Release|x86
		{5C682AC1-9987-47A5-8FEF-1BE7410BA08B}.Release|x86.Deploy.0 = Release|x86
	EndGlobalSection
	GlobalSection(SolutionProperties) = preSolution
		HideSolutionNode = FALSE
	EndGlobalSection
	GlobalSection(NestedProjects) = preSolution
		{C245A26B-AADA-4A32-8A22-FB8CC181C6A5} = {97EC1C53-6B9F-471C-BB08-586094D76A65}
		{8E7F74D2-E18D-464E-8E51-5B6CDDFECFCF} = {97EC1C53-6B9F-471C-BB08-586094D76A65}
		{5C682AC1-9987-47A5-8FEF-1BE7410BA08B} = {97EC1C53-6B9F-471C-BB08-586094D76A65}
	EndGlobalSection
EndGlobal
